
Microsoft Visual Studio Solution File, Format Version 12.00
# Visual Studio 2013
VisualStudioVersion = 12.0.31101.0
MinimumVisualStudioVersion = 10.0.40219.1
Project("{FAE04EC0-301F-11D3-BF4B-00C04F79EFBC}") = "Alarmee.Contracts.DataAccess.Plans", "Alarmee.Contracts.DataAccess.Plans\Alarmee.Contracts.DataAccess.Plans.csproj", "{130F6865-CEA6-412B-BC5A-D62D757E7BF0}"
EndProject
Project("{FAE04EC0-301F-11D3-BF4B-00C04F79EFBC}") = "Alarmee.Contracts.DataAccess.Pumps", "Alarmee.Contracts.DataAccess.Pumps\Alarmee.Contracts.DataAccess.Pumps.csproj", "{F32EC96E-2671-4E85-90AB-4AB386AE0A76}"
EndProject
Project("{FAE04EC0-301F-11D3-BF4B-00C04F79EFBC}") = "Alarmee.DataAccess.Plans", "Alarmee.DataAccess.Plans\Alarmee.DataAccess.Plans.csproj", "{AEF46EB5-DAB9-4AF1-ABB8-6BD1E1415212}"
EndProject
Project("{FAE04EC0-301F-11D3-BF4B-00C04F79EFBC}") = "Alarmee.DataAccess.Pumps", "Alarmee.DataAccess.Pumps\Alarmee.DataAccess.Pumps.csproj", "{CE20E706-8E33-4083-88D7-596D18153A9F}"
EndProject
Project("{FAE04EC0-301F-11D3-BF4B-00C04F79EFBC}") = "Alarmee.Engine.Evaluation", "Alarmee.Engine.Evaluation\Alarmee.Engine.Evaluation.csproj", "{07B972C6-90B5-450F-A8A8-0A72FD9E822E}"
EndProject
Project("{FAE04EC0-301F-11D3-BF4B-00C04F79EFBC}") = "Alarmee.Manager.Monitoring", "Alarmee.Manager.Monitoring\Alarmee.Manager.Monitoring.csproj", "{C35550E0-9BDE-40CE-A719-D85F48D05110}"
EndProject
Project("{FAE04EC0-301F-11D3-BF4B-00C04F79EFBC}") = "Alarmee.Client.Simulator", "Alarmee.Client.Simulator\Alarmee.Client.Simulator.csproj", "{C0072C41-973F-4AE1-99F4-8140EF419808}"
EndProject
Project("{FAE04EC0-301F-11D3-BF4B-00C04F79EFBC}") = "Alarmee.Client.Web", "Alarmee.Client.Web\Alarmee.Client.Web.csproj", "{A6070B9F-10DB-40D1-8711-132672924316}"
EndProject
Project("{FAE04EC0-301F-11D3-BF4B-00C04F79EFBC}") = "Alarmee.Contracts.Manager.Monitoring", "Alarmee.Contracts.Manager.Monitoring\Alarmee.Contracts.Manager.Monitoring.csproj", "{34FCCC70-F490-43D9-B700-38DDDE66E5EE}"
EndProject
Global
	GlobalSection(SolutionConfigurationPlatforms) = preSolution
		Debug|Any CPU = Debug|Any CPU
		Release|Any CPU = Release|Any CPU
	EndGlobalSection
	GlobalSection(ProjectConfigurationPlatforms) = postSolution
		{130F6865-CEA6-412B-BC5A-D62D757E7BF0}.Debug|Any CPU.ActiveCfg = Debug|Any CPU
		{130F6865-CEA6-412B-BC5A-D62D757E7BF0}.Debug|Any CPU.Build.0 = Debug|Any CPU
		{130F6865-CEA6-412B-BC5A-D62D757E7BF0}.Release|Any CPU.ActiveCfg = Release|Any CPU
		{130F6865-CEA6-412B-BC5A-D62D757E7BF0}.Release|Any CPU.Build.0 = Release|Any CPU
		{F32EC96E-2671-4E85-90AB-4AB386AE0A76}.Debug|Any CPU.ActiveCfg = Debug|Any CPU
		{F32EC96E-2671-4E85-90AB-4AB386AE0A76}.Debug|Any CPU.Build.0 = Debug|Any CPU
		{F32EC96E-2671-4E85-90AB-4AB386AE0A76}.Release|Any CPU.ActiveCfg = Release|Any CPU
		{F32EC96E-2671-4E85-90AB-4AB386AE0A76}.Release|Any CPU.Build.0 = Release|Any CPU
		{AEF46EB5-DAB9-4AF1-ABB8-6BD1E1415212}.Debug|Any CPU.ActiveCfg = Debug|Any CPU
		{AEF46EB5-DAB9-4AF1-ABB8-6BD1E1415212}.Debug|Any CPU.Build.0 = Debug|Any CPU
		{AEF46EB5-DAB9-4AF1-ABB8-6BD1E1415212}.Release|Any CPU.ActiveCfg = Release|Any CPU
		{AEF46EB5-DAB9-4AF1-ABB8-6BD1E1415212}.Release|Any CPU.Build.0 = Release|Any CPU
		{CE20E706-8E33-4083-88D7-596D18153A9F}.Debug|Any CPU.ActiveCfg = Debug|Any CPU
		{CE20E706-8E33-4083-88D7-596D18153A9F}.Debug|Any CPU.Build.0 = Debug|Any CPU
		{CE20E706-8E33-4083-88D7-596D18153A9F}.Release|Any CPU.ActiveCfg = Release|Any CPU
		{CE20E706-8E33-4083-88D7-596D18153A9F}.Release|Any CPU.Build.0 = Release|Any CPU
		{07B972C6-90B5-450F-A8A8-0A72FD9E822E}.Debug|Any CPU.ActiveCfg = Debug|Any CPU
		{07B972C6-90B5-450F-A8A8-0A72FD9E822E}.Debug|Any CPU.Build.0 = Debug|Any CPU
		{07B972C6-90B5-450F-A8A8-0A72FD9E822E}.Release|Any CPU.ActiveCfg = Release|Any CPU
		{07B972C6-90B5-450F-A8A8-0A72FD9E822E}.Release|Any CPU.Build.0 = Release|Any CPU
		{C35550E0-9BDE-40CE-A719-D85F48D05110}.Debug|Any CPU.ActiveCfg = Debug|Any CPU
		{C35550E0-9BDE-40CE-A719-D85F48D05110}.Debug|Any CPU.Build.0 = Debug|Any CPU
		{C35550E0-9BDE-40CE-A719-D85F48D05110}.Release|Any CPU.ActiveCfg = Release|Any CPU
		{C35550E0-9BDE-40CE-A719-D85F48D05110}.Release|Any CPU.Build.0 = Release|Any CPU
		{C0072C41-973F-4AE1-99F4-8140EF419808}.Debug|Any CPU.ActiveCfg = Debug|Any CPU
		{C0072C41-973F-4AE1-99F4-8140EF419808}.Debug|Any CPU.Build.0 = Debug|Any CPU
		{C0072C41-973F-4AE1-99F4-8140EF419808}.Release|Any CPU.ActiveCfg = Release|Any CPU
		{C0072C41-973F-4AE1-99F4-8140EF419808}.Release|Any CPU.Build.0 = Release|Any CPU
		{A6070B9F-10DB-40D1-8711-132672924316}.Debug|Any CPU.ActiveCfg = Debug|Any CPU
		{A6070B9F-10DB-40D1-8711-132672924316}.Debug|Any CPU.Build.0 = Debug|Any CPU
		{A6070B9F-10DB-40D1-8711-132672924316}.Release|Any CPU.ActiveCfg = Release|Any CPU
		{A6070B9F-10DB-40D1-8711-132672924316}.Release|Any CPU.Build.0 = Release|Any CPU
		{34FCCC70-F490-43D9-B700-38DDDE66E5EE}.Debug|Any CPU.ActiveCfg = Debug|Any CPU
		{34FCCC70-F490-43D9-B700-38DDDE66E5EE}.Debug|Any CPU.Build.0 = Debug|Any CPU
		{34FCCC70-F490-43D9-B700-38DDDE66E5EE}.Release|Any CPU.ActiveCfg = Release|Any CPU
		{34FCCC70-F490-43D9-B700-38DDDE66E5EE}.Release|Any CPU.Build.0 = Release|Any CPU
	EndGlobalSection
	GlobalSection(SolutionProperties) = preSolution
		HideSolutionNode = FALSE
	EndGlobalSection
EndGlobal
