
Microsoft Visual Studio Solution File, Format Version 12.00
# Visual Studio 2013
VisualStudioVersion = 12.0.31101.0
MinimumVisualStudioVersion = 10.0.40219.1
Project("{FAE04EC0-301F-11D3-BF4B-00C04F79EFBC}") = "Simulator", "Simulator\Simulator.csproj", "{120F0E93-23B1-4AE1-B9E8-448D93CF9785}"
EndProject
Project("{FAE04EC0-301F-11D3-BF4B-00C04F79EFBC}") = "PumpContract", "PumpContract\PumpContract.csproj", "{1B8F7114-18A6-4F98-852C-DD35064F5A45}"
EndProject
Project("{FAE04EC0-301F-11D3-BF4B-00C04F79EFBC}") = "Alarmee.StateContract", "Alarmee.StateContract\Alarmee.StateContract.csproj", "{AD5D943B-0635-4EFC-8B06-6E67916AFC7F}"
EndProject
Project("{FAE04EC0-301F-11D3-BF4B-00C04F79EFBC}") = "Alarmee.Web", "Alarmee.Web\Alarmee.Web.csproj", "{1CBB561B-EF13-4DFB-8DF3-23B1BE37A34D}"
EndProject
Project("{FAE04EC0-301F-11D3-BF4B-00C04F79EFBC}") = "Alarmee.WardManager", "Alarmee.WardManager\Alarmee.WardManager.csproj", "{CD38FFB8-DDEB-4ACD-95F1-A857F4338181}"
EndProject
Project("{FAE04EC0-301F-11D3-BF4B-00C04F79EFBC}") = "Alarmee.WardManager.Contracts", "Alarmee.WardManager.Contracts\Alarmee.WardManager.Contracts.csproj", "{EA4B66E7-77AD-4E71-8B92-7BAFE0B58F2D}"
EndProject
Project("{FAE04EC0-301F-11D3-BF4B-00C04F79EFBC}") = "Alarmee.ConsoleServer", "Alarmee.ConsoleServer\Alarmee.ConsoleServer.csproj", "{5B87D89F-4982-413E-8948-93EB6EEC318F}"
EndProject
Global
	GlobalSection(SolutionConfigurationPlatforms) = preSolution
		Debug|Any CPU = Debug|Any CPU
		Release|Any CPU = Release|Any CPU
	EndGlobalSection
	GlobalSection(ProjectConfigurationPlatforms) = postSolution
		{120F0E93-23B1-4AE1-B9E8-448D93CF9785}.Debug|Any CPU.ActiveCfg = Debug|Any CPU
		{120F0E93-23B1-4AE1-B9E8-448D93CF9785}.Debug|Any CPU.Build.0 = Debug|Any CPU
		{120F0E93-23B1-4AE1-B9E8-448D93CF9785}.Release|Any CPU.ActiveCfg = Release|Any CPU
		{120F0E93-23B1-4AE1-B9E8-448D93CF9785}.Release|Any CPU.Build.0 = Release|Any CPU
		{1B8F7114-18A6-4F98-852C-DD35064F5A45}.Debug|Any CPU.ActiveCfg = Debug|Any CPU
		{1B8F7114-18A6-4F98-852C-DD35064F5A45}.Debug|Any CPU.Build.0 = Debug|Any CPU
		{1B8F7114-18A6-4F98-852C-DD35064F5A45}.Release|Any CPU.ActiveCfg = Release|Any CPU
		{1B8F7114-18A6-4F98-852C-DD35064F5A45}.Release|Any CPU.Build.0 = Release|Any CPU
		{AD5D943B-0635-4EFC-8B06-6E67916AFC7F}.Debug|Any CPU.ActiveCfg = Debug|Any CPU
		{AD5D943B-0635-4EFC-8B06-6E67916AFC7F}.Debug|Any CPU.Build.0 = Debug|Any CPU
		{AD5D943B-0635-4EFC-8B06-6E67916AFC7F}.Release|Any CPU.ActiveCfg = Release|Any CPU
		{AD5D943B-0635-4EFC-8B06-6E67916AFC7F}.Release|Any CPU.Build.0 = Release|Any CPU
		{1CBB561B-EF13-4DFB-8DF3-23B1BE37A34D}.Debug|Any CPU.ActiveCfg = Debug|Any CPU
		{1CBB561B-EF13-4DFB-8DF3-23B1BE37A34D}.Debug|Any CPU.Build.0 = Debug|Any CPU
		{1CBB561B-EF13-4DFB-8DF3-23B1BE37A34D}.Release|Any CPU.ActiveCfg = Release|Any CPU
		{1CBB561B-EF13-4DFB-8DF3-23B1BE37A34D}.Release|Any CPU.Build.0 = Release|Any CPU
		{CD38FFB8-DDEB-4ACD-95F1-A857F4338181}.Debug|Any CPU.ActiveCfg = Debug|Any CPU
		{CD38FFB8-DDEB-4ACD-95F1-A857F4338181}.Debug|Any CPU.Build.0 = Debug|Any CPU
		{CD38FFB8-DDEB-4ACD-95F1-A857F4338181}.Release|Any CPU.ActiveCfg = Release|Any CPU
		{CD38FFB8-DDEB-4ACD-95F1-A857F4338181}.Release|Any CPU.Build.0 = Release|Any CPU
		{EA4B66E7-77AD-4E71-8B92-7BAFE0B58F2D}.Debug|Any CPU.ActiveCfg = Debug|Any CPU
		{EA4B66E7-77AD-4E71-8B92-7BAFE0B58F2D}.Debug|Any CPU.Build.0 = Debug|Any CPU
		{EA4B66E7-77AD-4E71-8B92-7BAFE0B58F2D}.Release|Any CPU.ActiveCfg = Release|Any CPU
		{EA4B66E7-77AD-4E71-8B92-7BAFE0B58F2D}.Release|Any CPU.Build.0 = Release|Any CPU
		{5B87D89F-4982-413E-8948-93EB6EEC318F}.Debug|Any CPU.ActiveCfg = Debug|Any CPU
		{5B87D89F-4982-413E-8948-93EB6EEC318F}.Debug|Any CPU.Build.0 = Debug|Any CPU
		{5B87D89F-4982-413E-8948-93EB6EEC318F}.Release|Any CPU.ActiveCfg = Release|Any CPU
		{5B87D89F-4982-413E-8948-93EB6EEC318F}.Release|Any CPU.Build.0 = Release|Any CPU
	EndGlobalSection
	GlobalSection(SolutionProperties) = preSolution
		HideSolutionNode = FALSE
	EndGlobalSection
EndGlobal
